# THIS IS AN AUTOGENERATED FILE. DO NOT EDIT THIS FILE DIRECTLY.
# yarn lockfile v1


immutable@^3.8.1:
  version "3.8.1"
  resolved "https://registry.yarnpkg.com/immutable/-/immutable-3.8.1.tgz#200807f11ab0f72710ea485542de088075f68cd2"

ts-md5@^1.2.0:
  version "1.2.0"
  resolved "https://registry.yarnpkg.com/ts-md5/-/ts-md5-1.2.0.tgz#c30b385261bd27962f754509675f0e9578810569"
